
Microsoft Visual Studio Solution File, Format Version 12.00
# Visual Studio 2013
VisualStudioVersion = 12.0.31101.0
MinimumVisualStudioVersion = 10.0.40219.1
Project("{FAE04EC0-301F-11D3-BF4B-00C04F79EFBC}") = "ASP_Web_API", "ASP_Web_API\ASP_Web_API.csproj", "{15197037-BF3E-4267-A9EA-7D08BB09B18A}"
EndProject
Project("{FAE04EC0-301F-11D3-BF4B-00C04F79EFBC}") = "DatabaseLib", "DatabaseLib\DatabaseLib.csproj", "{3824B05C-A050-452F-BEA6-8B4574FD2ED9}"
EndProject
Project("{FAE04EC0-301F-11D3-BF4B-00C04F79EFBC}") = "CuplexApiCommon", "CuplexApiCommon\CuplexApiCommon.csproj", "{D0D6EB51-7CDA-4132-8CB2-EA28E5FB5216}"
EndProject
Project("{FAE04EC0-301F-11D3-BF4B-00C04F79EFBC}") = "InternalServices", "InternalServices\InternalServices.csproj", "{0738765D-C906-4E87-B367-2329A10A620E}"
EndProject
Global
	GlobalSection(SolutionConfigurationPlatforms) = preSolution
		Debug|Any CPU = Debug|Any CPU
		Debug|Mixed Platforms = Debug|Mixed Platforms
		Debug|Win32 = Debug|Win32
		Debug|x64 = Debug|x64
		Debug|x86 = Debug|x86
		Release|Any CPU = Release|Any CPU
		Release|Mixed Platforms = Release|Mixed Platforms
		Release|Win32 = Release|Win32
		Release|x64 = Release|x64
		Release|x86 = Release|x86
	EndGlobalSection
	GlobalSection(ProjectConfigurationPlatforms) = postSolution
		{15197037-BF3E-4267-A9EA-7D08BB09B18A}.Debug|Any CPU.ActiveCfg = Debug|Any CPU
		{15197037-BF3E-4267-A9EA-7D08BB09B18A}.Debug|Any CPU.Build.0 = Debug|Any CPU
		{15197037-BF3E-4267-A9EA-7D08BB09B18A}.Debug|Mixed Platforms.ActiveCfg = Debug|Any CPU
		{15197037-BF3E-4267-A9EA-7D08BB09B18A}.Debug|Mixed Platforms.Build.0 = Debug|Any CPU
		{15197037-BF3E-4267-A9EA-7D08BB09B18A}.Debug|Win32.ActiveCfg = Debug|Any CPU
		{15197037-BF3E-4267-A9EA-7D08BB09B18A}.Debug|x64.ActiveCfg = Debug|Any CPU
		{15197037-BF3E-4267-A9EA-7D08BB09B18A}.Debug|x86.ActiveCfg = Debug|Any CPU
		{15197037-BF3E-4267-A9EA-7D08BB09B18A}.Release|Any CPU.ActiveCfg = Release|Any CPU
		{15197037-BF3E-4267-A9EA-7D08BB09B18A}.Release|Any CPU.Build.0 = Release|Any CPU
		{15197037-BF3E-4267-A9EA-7D08BB09B18A}.Release|Mixed Platforms.ActiveCfg = Release|Any CPU
		{15197037-BF3E-4267-A9EA-7D08BB09B18A}.Release|Mixed Platforms.Build.0 = Release|Any CPU
		{15197037-BF3E-4267-A9EA-7D08BB09B18A}.Release|Win32.ActiveCfg = Release|Any CPU
		{15197037-BF3E-4267-A9EA-7D08BB09B18A}.Release|x64.ActiveCfg = Release|Any CPU
		{15197037-BF3E-4267-A9EA-7D08BB09B18A}.Release|x86.ActiveCfg = Release|Any CPU
		{3824B05C-A050-452F-BEA6-8B4574FD2ED9}.Debug|Any CPU.ActiveCfg = Debug|Any CPU
		{3824B05C-A050-452F-BEA6-8B4574FD2ED9}.Debug|Any CPU.Build.0 = Debug|Any CPU
		{3824B05C-A050-452F-BEA6-8B4574FD2ED9}.Debug|Mixed Platforms.ActiveCfg = Debug|Any CPU
		{3824B05C-A050-452F-BEA6-8B4574FD2ED9}.Debug|Mixed Platforms.Build.0 = Debug|Any CPU
		{3824B05C-A050-452F-BEA6-8B4574FD2ED9}.Debug|Win32.ActiveCfg = Debug|Any CPU
		{3824B05C-A050-452F-BEA6-8B4574FD2ED9}.Debug|x64.ActiveCfg = Debug|Any CPU
		{3824B05C-A050-452F-BEA6-8B4574FD2ED9}.Debug|x86.ActiveCfg = Debug|Any CPU
		{3824B05C-A050-452F-BEA6-8B4574FD2ED9}.Release|Any CPU.ActiveCfg = Release|Any CPU
		{3824B05C-A050-452F-BEA6-8B4574FD2ED9}.Release|Any CPU.Build.0 = Release|Any CPU
		{3824B05C-A050-452F-BEA6-8B4574FD2ED9}.Release|Mixed Platforms.ActiveCfg = Release|Any CPU
		{3824B05C-A050-452F-BEA6-8B4574FD2ED9}.Release|Mixed Platforms.Build.0 = Release|Any CPU
		{3824B05C-A050-452F-BEA6-8B4574FD2ED9}.Release|Win32.ActiveCfg = Release|Any CPU
		{3824B05C-A050-452F-BEA6-8B4574FD2ED9}.Release|x64.ActiveCfg = Release|Any CPU
		{3824B05C-A050-452F-BEA6-8B4574FD2ED9}.Release|x86.ActiveCfg = Release|Any CPU
		{D0D6EB51-7CDA-4132-8CB2-EA28E5FB5216}.Debug|Any CPU.ActiveCfg = Debug|Any CPU
		{D0D6EB51-7CDA-4132-8CB2-EA28E5FB5216}.Debug|Any CPU.Build.0 = Debug|Any CPU
		{D0D6EB51-7CDA-4132-8CB2-EA28E5FB5216}.Debug|Mixed Platforms.ActiveCfg = Debug|Any CPU
		{D0D6EB51-7CDA-4132-8CB2-EA28E5FB5216}.Debug|Mixed Platforms.Build.0 = Debug|Any CPU
		{D0D6EB51-7CDA-4132-8CB2-EA28E5FB5216}.Debug|Win32.ActiveCfg = Debug|Any CPU
		{D0D6EB51-7CDA-4132-8CB2-EA28E5FB5216}.Debug|x64.ActiveCfg = Debug|Any CPU
		{D0D6EB51-7CDA-4132-8CB2-EA28E5FB5216}.Debug|x86.ActiveCfg = Debug|Any CPU
		{D0D6EB51-7CDA-4132-8CB2-EA28E5FB5216}.Release|Any CPU.ActiveCfg = Release|Any CPU
		{D0D6EB51-7CDA-4132-8CB2-EA28E5FB5216}.Release|Any CPU.Build.0 = Release|Any CPU
		{D0D6EB51-7CDA-4132-8CB2-EA28E5FB5216}.Release|Mixed Platforms.ActiveCfg = Release|Any CPU
		{D0D6EB51-7CDA-4132-8CB2-EA28E5FB5216}.Release|Mixed Platforms.Build.0 = Release|Any CPU
		{D0D6EB51-7CDA-4132-8CB2-EA28E5FB5216}.Release|Win32.ActiveCfg = Release|Any CPU
		{D0D6EB51-7CDA-4132-8CB2-EA28E5FB5216}.Release|x64.ActiveCfg = Release|Any CPU
		{D0D6EB51-7CDA-4132-8CB2-EA28E5FB5216}.Release|x86.ActiveCfg = Release|Any CPU
		{0738765D-C906-4E87-B367-2329A10A620E}.Debug|Any CPU.ActiveCfg = Debug|Any CPU
		{0738765D-C906-4E87-B367-2329A10A620E}.Debug|Any CPU.Build.0 = Debug|Any CPU
		{0738765D-C906-4E87-B367-2329A10A620E}.Debug|Mixed Platforms.ActiveCfg = Debug|Any CPU
		{0738765D-C906-4E87-B367-2329A10A620E}.Debug|Mixed Platforms.Build.0 = Debug|Any CPU
		{0738765D-C906-4E87-B367-2329A10A620E}.Debug|Win32.ActiveCfg = Debug|Any CPU
		{0738765D-C906-4E87-B367-2329A10A620E}.Debug|x64.ActiveCfg = Debug|Any CPU
		{0738765D-C906-4E87-B367-2329A10A620E}.Debug|x86.ActiveCfg = Debug|Any CPU
		{0738765D-C906-4E87-B367-2329A10A620E}.Release|Any CPU.ActiveCfg = Release|Any CPU
		{0738765D-C906-4E87-B367-2329A10A620E}.Release|Any CPU.Build.0 = Release|Any CPU
		{0738765D-C906-4E87-B367-2329A10A620E}.Release|Mixed Platforms.ActiveCfg = Release|Any CPU
		{0738765D-C906-4E87-B367-2329A10A620E}.Release|Mixed Platforms.Build.0 = Release|Any CPU
		{0738765D-C906-4E87-B367-2329A10A620E}.Release|Win32.ActiveCfg = Release|Any CPU
		{0738765D-C906-4E87-B367-2329A10A620E}.Release|x64.ActiveCfg = Release|Any CPU
		{0738765D-C906-4E87-B367-2329A10A620E}.Release|x86.ActiveCfg = Release|Any CPU
	EndGlobalSection
	GlobalSection(SolutionProperties) = preSolution
		HideSolutionNode = FALSE
	EndGlobalSection
EndGlobal
