
Microsoft Visual Studio Solution File, Format Version 12.00
# Visual Studio 14
VisualStudioVersion = 14.0.25420.1
MinimumVisualStudioVersion = 10.0.40219.1
Project("{FAE04EC0-301F-11D3-BF4B-00C04F79EFBC}") = "Egmont.Web.Cdn", "Egmont.Web.Cdn\Egmont.Web.Cdn.csproj", "{644DB58F-2E0D-4CD4-A7FF-45D627B25259}"
EndProject
Project("{FAE04EC0-301F-11D3-BF4B-00C04F79EFBC}") = "Egmont.Common.ImageProvider.Provider", "..\Common\Egmont.Common.ImageProvider\Egmont.Common.ImageProvider.Provider\Egmont.Common.ImageProvider.Provider.csproj", "{8351A25E-CC25-4311-A6F4-B0C8B8298D4E}"
EndProject
Global
	GlobalSection(SolutionConfigurationPlatforms) = preSolution
		Debug|Any CPU = Debug|Any CPU
		Release|Any CPU = Release|Any CPU
	EndGlobalSection
	GlobalSection(ProjectConfigurationPlatforms) = postSolution
		{644DB58F-2E0D-4CD4-A7FF-45D627B25259}.Debug|Any CPU.ActiveCfg = Debug|Any CPU
		{644DB58F-2E0D-4CD4-A7FF-45D627B25259}.Debug|Any CPU.Build.0 = Debug|Any CPU
		{644DB58F-2E0D-4CD4-A7FF-45D627B25259}.Release|Any CPU.ActiveCfg = Release|Any CPU
		{644DB58F-2E0D-4CD4-A7FF-45D627B25259}.Release|Any CPU.Build.0 = Release|Any CPU
		{8351A25E-CC25-4311-A6F4-B0C8B8298D4E}.Debug|Any CPU.ActiveCfg = Debug|Any CPU
		{8351A25E-CC25-4311-A6F4-B0C8B8298D4E}.Debug|Any CPU.Build.0 = Debug|Any CPU
		{8351A25E-CC25-4311-A6F4-B0C8B8298D4E}.Release|Any CPU.ActiveCfg = Release|Any CPU
		{8351A25E-CC25-4311-A6F4-B0C8B8298D4E}.Release|Any CPU.Build.0 = Release|Any CPU
	EndGlobalSection
	GlobalSection(SolutionProperties) = preSolution
		HideSolutionNode = FALSE
	EndGlobalSection
	GlobalSection(TeamFoundationVersionControl) = preSolution
		SccNumberOfProjects = 3
		SccEnterpriseProvider = {4CA58AB2-18FA-4F8D-95D4-32DDF27D184C}
		SccTeamFoundationServer = http://tfs.egmont.se/tfs/defaultcollection
		SccProjectUniqueName0 = ..\\Common\\Egmont.Common.ImageProvider\\Egmont.Common.ImageProvider.Provider\\Egmont.Common.ImageProvider.Provider.csproj
		SccProjectName0 = ../Common/Egmont.Common.ImageProvider/Egmont.Common.ImageProvider.Provider
		SccLocalPath0 = ..\\Common\\Egmont.Common.ImageProvider\\Egmont.Common.ImageProvider.Provider
		SccLocalPath1 = .
		SccProjectUniqueName2 = Egmont.Web.Cdn\\Egmont.Web.Cdn.csproj
		SccProjectName2 = Egmont.Web.Cdn
		SccLocalPath2 = Egmont.Web.Cdn
	EndGlobalSection
EndGlobal
