
Microsoft Visual Studio Solution File, Format Version 12.00
# Visual Studio 15
VisualStudioVersion = 15.0.27130.2010
MinimumVisualStudioVersion = 10.0.40219.1
Project("{FAE04EC0-301F-11D3-BF4B-00C04F79EFBC}") = "MaintainUpdateFiles", "MaintainUpdateFiles\MaintainUpdateFiles.csproj", "{5B5BF84A-09BB-48A5-A7D8-96ACD438908E}"
EndProject
Global
	GlobalSection(SolutionConfigurationPlatforms) = preSolution
		Debug|Any CPU = Debug|Any CPU
		Release|Any CPU = Release|Any CPU
	EndGlobalSection
	GlobalSection(ProjectConfigurationPlatforms) = postSolution
		{5B5BF84A-09BB-48A5-A7D8-96ACD438908E}.Debug|Any CPU.ActiveCfg = Debug|Any CPU
		{5B5BF84A-09BB-48A5-A7D8-96ACD438908E}.Debug|Any CPU.Build.0 = Debug|Any CPU
		{5B5BF84A-09BB-48A5-A7D8-96ACD438908E}.Release|Any CPU.ActiveCfg = Release|Any CPU
		{5B5BF84A-09BB-48A5-A7D8-96ACD438908E}.Release|Any CPU.Build.0 = Release|Any CPU
	EndGlobalSection
	GlobalSection(SolutionProperties) = preSolution
		HideSolutionNode = FALSE
	EndGlobalSection
	GlobalSection(ExtensibilityGlobals) = postSolution
		SolutionGuid = {4761F09E-EBF6-42F6-B554-CDD3B1BCE3CB}
	EndGlobalSection
EndGlobal
