
Microsoft Visual Studio Solution File, Format Version 12.00
# Visual Studio 15
VisualStudioVersion = 15.0.27130.2010
MinimumVisualStudioVersion = 10.0.40219.1
Project("{FAE04EC0-301F-11D3-BF4B-00C04F79EFBC}") = "MaintainUpdateFiles", "MaintainUpdateFiles\MaintainUpdateFiles.csproj", "{9F4BBECB-2A98-461F-BDAA-FD17CEF40DCB}"
EndProject
Global
	GlobalSection(SolutionConfigurationPlatforms) = preSolution
		Debug|Any CPU = Debug|Any CPU
		Release|Any CPU = Release|Any CPU
	EndGlobalSection
	GlobalSection(ProjectConfigurationPlatforms) = postSolution
		{9F4BBECB-2A98-461F-BDAA-FD17CEF40DCB}.Debug|Any CPU.ActiveCfg = Debug|Any CPU
		{9F4BBECB-2A98-461F-BDAA-FD17CEF40DCB}.Debug|Any CPU.Build.0 = Debug|Any CPU
		{9F4BBECB-2A98-461F-BDAA-FD17CEF40DCB}.Release|Any CPU.ActiveCfg = Release|Any CPU
		{9F4BBECB-2A98-461F-BDAA-FD17CEF40DCB}.Release|Any CPU.Build.0 = Release|Any CPU
	EndGlobalSection
	GlobalSection(SolutionProperties) = preSolution
		HideSolutionNode = FALSE
	EndGlobalSection
	GlobalSection(ExtensibilityGlobals) = postSolution
		SolutionGuid = {2A9EF8C1-FDCC-46B7-9D5A-06333F7F7BE1}
	EndGlobalSection
EndGlobal
