
Microsoft Visual Studio Solution File, Format Version 12.00
# Visual Studio 2013
VisualStudioVersion = 12.0.30501.0
MinimumVisualStudioVersion = 10.0.40219.1
Project("{E24C65DC-7377-472B-9ABA-BC803B73C61A}") = "www.cuplex.se", "www.cuplex.se", "{655D3454-97A3-47E1-BCF6-1A7F96F8B017}"
	ProjectSection(WebsiteProperties) = preProject
		TargetFrameworkMoniker = ".NETFramework,Version%3Dv4.5"
		ProjectReferences = "{6333BB5C-7F11-43AD-A958-AB5E552202E3}|CuplexLib.dll;{536C163F-97A4-4CC3-A47A-4CCC44691267}|CuplexHttpModule.dll;"
		Debug.AspNetCompiler.VirtualPath = "/www.cuplex.se"
		Debug.AspNetCompiler.PhysicalPath = "www.cuplex.se\"
		Debug.AspNetCompiler.TargetPath = "PrecompiledWeb\www.cuplex.se\"
		Debug.AspNetCompiler.Updateable = "true"
		Debug.AspNetCompiler.ForceOverwrite = "true"
		Debug.AspNetCompiler.FixedNames = "false"
		Debug.AspNetCompiler.Debug = "True"
		Release.AspNetCompiler.VirtualPath = "/www.cuplex.se"
		Release.AspNetCompiler.PhysicalPath = "www.cuplex.se\"
		Release.AspNetCompiler.TargetPath = "PrecompiledWeb\www.cuplex.se\"
		Release.AspNetCompiler.Updateable = "true"
		Release.AspNetCompiler.ForceOverwrite = "true"
		Release.AspNetCompiler.FixedNames = "false"
		Release.AspNetCompiler.Debug = "False"
		VWDPort = "55061"
		SlnRelativePath = "www.cuplex.se\"
	EndProjectSection
EndProject
Project("{FAE04EC0-301F-11D3-BF4B-00C04F79EFBC}") = "CuplexLib", "CuplexLib\CuplexLib.csproj", "{6333BB5C-7F11-43AD-A958-AB5E552202E3}"
EndProject
Project("{FAE04EC0-301F-11D3-BF4B-00C04F79EFBC}") = "cms", "CuplexHttpModule\cms.csproj", "{536C163F-97A4-4CC3-A47A-4CCC44691267}"
EndProject
Global
	GlobalSection(SolutionConfigurationPlatforms) = preSolution
		Debug|Any CPU = Debug|Any CPU
		Release|Any CPU = Release|Any CPU
	EndGlobalSection
	GlobalSection(ProjectConfigurationPlatforms) = postSolution
		{655D3454-97A3-47E1-BCF6-1A7F96F8B017}.Debug|Any CPU.ActiveCfg = Debug|Any CPU
		{655D3454-97A3-47E1-BCF6-1A7F96F8B017}.Debug|Any CPU.Build.0 = Debug|Any CPU
		{655D3454-97A3-47E1-BCF6-1A7F96F8B017}.Release|Any CPU.ActiveCfg = Debug|Any CPU
		{655D3454-97A3-47E1-BCF6-1A7F96F8B017}.Release|Any CPU.Build.0 = Debug|Any CPU
		{6333BB5C-7F11-43AD-A958-AB5E552202E3}.Debug|Any CPU.ActiveCfg = Debug|Any CPU
		{6333BB5C-7F11-43AD-A958-AB5E552202E3}.Debug|Any CPU.Build.0 = Debug|Any CPU
		{6333BB5C-7F11-43AD-A958-AB5E552202E3}.Release|Any CPU.ActiveCfg = Release|Any CPU
		{6333BB5C-7F11-43AD-A958-AB5E552202E3}.Release|Any CPU.Build.0 = Release|Any CPU
		{536C163F-97A4-4CC3-A47A-4CCC44691267}.Debug|Any CPU.ActiveCfg = Debug|Any CPU
		{536C163F-97A4-4CC3-A47A-4CCC44691267}.Debug|Any CPU.Build.0 = Debug|Any CPU
		{536C163F-97A4-4CC3-A47A-4CCC44691267}.Release|Any CPU.ActiveCfg = Release|Any CPU
		{536C163F-97A4-4CC3-A47A-4CCC44691267}.Release|Any CPU.Build.0 = Release|Any CPU
	EndGlobalSection
	GlobalSection(SolutionProperties) = preSolution
		HideSolutionNode = FALSE
	EndGlobalSection
EndGlobal
