
Microsoft Visual Studio Solution File, Format Version 12.00
# Visual Studio 15
VisualStudioVersion = 15.0.27130.2036
MinimumVisualStudioVersion = 10.0.40219.1
Project("{FAE04EC0-301F-11D3-BF4B-00C04F79EFBC}") = "CredentialsSite", "CredentialsSite\CredentialsSite.csproj", "{A705D5FE-C97E-458F-93E6-DE7EEB834F3A}"
EndProject
Project("{FAE04EC0-301F-11D3-BF4B-00C04F79EFBC}") = "CredentialsSite.Tests", "CredentialsSite.Tests\CredentialsSite.Tests.csproj", "{5FA257F8-9549-4F06-9E5E-EFB22D659410}"
EndProject
Global
	GlobalSection(SolutionConfigurationPlatforms) = preSolution
		Debug|Any CPU = Debug|Any CPU
		Release|Any CPU = Release|Any CPU
	EndGlobalSection
	GlobalSection(ProjectConfigurationPlatforms) = postSolution
		{A705D5FE-C97E-458F-93E6-DE7EEB834F3A}.Debug|Any CPU.ActiveCfg = Debug|Any CPU
		{A705D5FE-C97E-458F-93E6-DE7EEB834F3A}.Debug|Any CPU.Build.0 = Debug|Any CPU
		{A705D5FE-C97E-458F-93E6-DE7EEB834F3A}.Release|Any CPU.ActiveCfg = Release|Any CPU
		{A705D5FE-C97E-458F-93E6-DE7EEB834F3A}.Release|Any CPU.Build.0 = Release|Any CPU
		{5FA257F8-9549-4F06-9E5E-EFB22D659410}.Debug|Any CPU.ActiveCfg = Debug|Any CPU
		{5FA257F8-9549-4F06-9E5E-EFB22D659410}.Debug|Any CPU.Build.0 = Debug|Any CPU
		{5FA257F8-9549-4F06-9E5E-EFB22D659410}.Release|Any CPU.ActiveCfg = Release|Any CPU
		{5FA257F8-9549-4F06-9E5E-EFB22D659410}.Release|Any CPU.Build.0 = Release|Any CPU
	EndGlobalSection
	GlobalSection(SolutionProperties) = preSolution
		HideSolutionNode = FALSE
	EndGlobalSection
	GlobalSection(ExtensibilityGlobals) = postSolution
		SolutionGuid = {80DF4F61-9064-45F7-9A10-74516730FE94}
	EndGlobalSection
EndGlobal
