
Microsoft Visual Studio Solution File, Format Version 12.00
# Visual Studio 2013
VisualStudioVersion = 12.0.30501.0
MinimumVisualStudioVersion = 10.0.40219.1
Project("{FAE04EC0-301F-11D3-BF4B-00C04F79EFBC}") = "CuplexProject", "CuplexProject\CuplexProject.csproj", "{3F687E39-4735-45A2-88EA-AC79749EFE82}"
EndProject
Project("{FAE04EC0-301F-11D3-BF4B-00C04F79EFBC}") = "CuplexProject.Tests", "CuplexProject.Tests\CuplexProject.Tests.csproj", "{71A13B1A-D13D-41DA-BB55-2A9E917F85B0}"
EndProject
Project("{FAE04EC0-301F-11D3-BF4B-00C04F79EFBC}") = "CuplexLib", "..\..\CuplexProject\CuplexLib\CuplexLib.csproj", "{6333BB5C-7F11-43AD-A958-AB5E552202E3}"
EndProject
Global
	GlobalSection(SolutionConfigurationPlatforms) = preSolution
		Debug|Any CPU = Debug|Any CPU
		Release|Any CPU = Release|Any CPU
	EndGlobalSection
	GlobalSection(ProjectConfigurationPlatforms) = postSolution
		{3F687E39-4735-45A2-88EA-AC79749EFE82}.Debug|Any CPU.ActiveCfg = Debug|Any CPU
		{3F687E39-4735-45A2-88EA-AC79749EFE82}.Debug|Any CPU.Build.0 = Debug|Any CPU
		{3F687E39-4735-45A2-88EA-AC79749EFE82}.Release|Any CPU.ActiveCfg = Release|Any CPU
		{3F687E39-4735-45A2-88EA-AC79749EFE82}.Release|Any CPU.Build.0 = Release|Any CPU
		{71A13B1A-D13D-41DA-BB55-2A9E917F85B0}.Debug|Any CPU.ActiveCfg = Debug|Any CPU
		{71A13B1A-D13D-41DA-BB55-2A9E917F85B0}.Debug|Any CPU.Build.0 = Debug|Any CPU
		{71A13B1A-D13D-41DA-BB55-2A9E917F85B0}.Release|Any CPU.ActiveCfg = Release|Any CPU
		{71A13B1A-D13D-41DA-BB55-2A9E917F85B0}.Release|Any CPU.Build.0 = Release|Any CPU
		{6333BB5C-7F11-43AD-A958-AB5E552202E3}.Debug|Any CPU.ActiveCfg = Debug|Any CPU
		{6333BB5C-7F11-43AD-A958-AB5E552202E3}.Debug|Any CPU.Build.0 = Debug|Any CPU
		{6333BB5C-7F11-43AD-A958-AB5E552202E3}.Release|Any CPU.ActiveCfg = Release|Any CPU
		{6333BB5C-7F11-43AD-A958-AB5E552202E3}.Release|Any CPU.Build.0 = Release|Any CPU
	EndGlobalSection
	GlobalSection(SolutionProperties) = preSolution
		HideSolutionNode = FALSE
	EndGlobalSection
EndGlobal
