
Microsoft Visual Studio Solution File, Format Version 12.00
# Visual Studio 15
VisualStudioVersion = 15.0.27428.2043
MinimumVisualStudioVersion = 10.0.40219.1
Project("{FAE04EC0-301F-11D3-BF4B-00C04F79EFBC}") = "FileStructureOrganizer", "FileStructureOrganizer\FileStructureOrganizer.csproj", "{249C8990-9274-4AED-A52B-D97E0DBFFD46}"
EndProject
Project("{FAE04EC0-301F-11D3-BF4B-00C04F79EFBC}") = "FileStructureMapper", "FileStructureMapper\FileStructureMapper.csproj", "{8766E7D0-CF25-43AD-8818-170BB2B0CA09}"
EndProject
Global
	GlobalSection(SolutionConfigurationPlatforms) = preSolution
		Debug|Any CPU = Debug|Any CPU
		Release|Any CPU = Release|Any CPU
	EndGlobalSection
	GlobalSection(ProjectConfigurationPlatforms) = postSolution
		{249C8990-9274-4AED-A52B-D97E0DBFFD46}.Debug|Any CPU.ActiveCfg = Debug|Any CPU
		{249C8990-9274-4AED-A52B-D97E0DBFFD46}.Debug|Any CPU.Build.0 = Debug|Any CPU
		{249C8990-9274-4AED-A52B-D97E0DBFFD46}.Release|Any CPU.ActiveCfg = Release|Any CPU
		{249C8990-9274-4AED-A52B-D97E0DBFFD46}.Release|Any CPU.Build.0 = Release|Any CPU
		{8766E7D0-CF25-43AD-8818-170BB2B0CA09}.Debug|Any CPU.ActiveCfg = Debug|Any CPU
		{8766E7D0-CF25-43AD-8818-170BB2B0CA09}.Debug|Any CPU.Build.0 = Debug|Any CPU
		{8766E7D0-CF25-43AD-8818-170BB2B0CA09}.Release|Any CPU.ActiveCfg = Release|Any CPU
		{8766E7D0-CF25-43AD-8818-170BB2B0CA09}.Release|Any CPU.Build.0 = Release|Any CPU
	EndGlobalSection
	GlobalSection(SolutionProperties) = preSolution
		HideSolutionNode = FALSE
	EndGlobalSection
	GlobalSection(ExtensibilityGlobals) = postSolution
		SolutionGuid = {3D9E9394-0DF0-4D1A-8B86-391986FB9ED4}
	EndGlobalSection
EndGlobal
