
Microsoft Visual Studio Solution File, Format Version 12.00
# Visual Studio 2012
Project("{FAE04EC0-301F-11D3-BF4B-00C04F79EFBC}") = "Voc_ScriptGen", "Voc_ScriptGen\Voc_ScriptGen.csproj", "{BD67BB05-590F-4F8E-BE1C-1F39798001CC}"
EndProject
Global
	GlobalSection(SolutionConfigurationPlatforms) = preSolution
		Debug|Any CPU = Debug|Any CPU
		Release|Any CPU = Release|Any CPU
	EndGlobalSection
	GlobalSection(ProjectConfigurationPlatforms) = postSolution
		{BD67BB05-590F-4F8E-BE1C-1F39798001CC}.Debug|Any CPU.ActiveCfg = Debug|Any CPU
		{BD67BB05-590F-4F8E-BE1C-1F39798001CC}.Debug|Any CPU.Build.0 = Debug|Any CPU
		{BD67BB05-590F-4F8E-BE1C-1F39798001CC}.Release|Any CPU.ActiveCfg = Release|Any CPU
		{BD67BB05-590F-4F8E-BE1C-1F39798001CC}.Release|Any CPU.Build.0 = Release|Any CPU
	EndGlobalSection
	GlobalSection(SolutionProperties) = preSolution
		HideSolutionNode = FALSE
	EndGlobalSection
EndGlobal
