
Microsoft Visual Studio Solution File, Format Version 12.00
# Visual Studio 15
VisualStudioVersion = 15.0.27428.2043
MinimumVisualStudioVersion = 10.0.40219.1
Project("{FAE04EC0-301F-11D3-BF4B-00C04F79EFBC}") = "AzureCS.API.Lib", "AzureTextTranslationLib\AzureCS.API.Lib.csproj", "{D423455A-FA48-4F4D-B50C-199DE4FAF702}"
EndProject
Project("{FAE04EC0-301F-11D3-BF4B-00C04F79EFBC}") = "AzureCognitiveServices.UnitTests", "AzureCognitiveServices.UnitTests\AzureCognitiveServices.UnitTests.csproj", "{1454CDD8-899C-46BC-9D9E-031243364D24}"
EndProject
Global
	GlobalSection(SolutionConfigurationPlatforms) = preSolution
		Debug|Any CPU = Debug|Any CPU
		Release|Any CPU = Release|Any CPU
	EndGlobalSection
	GlobalSection(ProjectConfigurationPlatforms) = postSolution
		{D423455A-FA48-4F4D-B50C-199DE4FAF702}.Debug|Any CPU.ActiveCfg = Debug|Any CPU
		{D423455A-FA48-4F4D-B50C-199DE4FAF702}.Debug|Any CPU.Build.0 = Debug|Any CPU
		{D423455A-FA48-4F4D-B50C-199DE4FAF702}.Release|Any CPU.ActiveCfg = Release|Any CPU
		{D423455A-FA48-4F4D-B50C-199DE4FAF702}.Release|Any CPU.Build.0 = Release|Any CPU
		{1454CDD8-899C-46BC-9D9E-031243364D24}.Debug|Any CPU.ActiveCfg = Debug|Any CPU
		{1454CDD8-899C-46BC-9D9E-031243364D24}.Debug|Any CPU.Build.0 = Debug|Any CPU
		{1454CDD8-899C-46BC-9D9E-031243364D24}.Release|Any CPU.ActiveCfg = Release|Any CPU
		{1454CDD8-899C-46BC-9D9E-031243364D24}.Release|Any CPU.Build.0 = Release|Any CPU
	EndGlobalSection
	GlobalSection(SolutionProperties) = preSolution
		HideSolutionNode = FALSE
	EndGlobalSection
	GlobalSection(ExtensibilityGlobals) = postSolution
		SolutionGuid = {1960D3C1-948E-4D9A-8D5B-CDF602A6E078}
	EndGlobalSection
EndGlobal
