
Microsoft Visual Studio Solution File, Format Version 12.00
# Visual Studio 15
VisualStudioVersion = 15.0.27428.2043
MinimumVisualStudioVersion = 10.0.40219.1
Project("{FAE04EC0-301F-11D3-BF4B-00C04F79EFBC}") = "FileSystemOrganizer.Rules", "FileSystemIntigrationLib\FileSystemOrganizer.Rules.csproj", "{2D1E597C-E1F5-4B4D-8B73-B64ACB099365}"
EndProject
Project("{FAE04EC0-301F-11D3-BF4B-00C04F79EFBC}") = "FileSystemOrganizer.Core", "FileSystemCore\FileSystemOrganizer.Core.csproj", "{B84A88BE-C2ED-4C7E-B4CB-E1B525204830}"
EndProject
Project("{FAE04EC0-301F-11D3-BF4B-00C04F79EFBC}") = "FileSystemOrganizer.Interface", "FileSystemOrganizerInterface\FileSystemOrganizer.Interface.csproj", "{5F17120F-32EF-4CBA-97A7-53F9972A2FC4}"
EndProject
Project("{2150E333-8FDC-42A3-9474-1A3956D46DE8}") = "ApplicationUserInterface", "ApplicationUserInterface", "{3F12DC92-EE2D-481C-96F0-72F0CD9349C6}"
EndProject
Project("{2150E333-8FDC-42A3-9474-1A3956D46DE8}") = "GUI", "GUI", "{4471DEAD-CC42-4353-8AA2-ACC9C498EF2C}"
EndProject
Project("{2150E333-8FDC-42A3-9474-1A3956D46DE8}") = "CommandLine", "CommandLine", "{B8CE605B-F545-4AE5-9D28-C872E452FFF0}"
EndProject
Project("{FAE04EC0-301F-11D3-BF4B-00C04F79EFBC}") = "OrganizeFileSystem.Cmd", "OrganizeFileSystem\OrganizeFileSystem.Cmd.csproj", "{D9D36729-6F50-45F2-A702-E1F75D2C459D}"
EndProject
Project("{FAE04EC0-301F-11D3-BF4B-00C04F79EFBC}") = "OrganizeFileSystemGUI", "OrganizeFileSystemGUI\OrganizeFileSystemGUI.csproj", "{F8B14E49-B233-4973-986E-DB740EBEE7BC}"
EndProject
Project("{FAE04EC0-301F-11D3-BF4B-00C04F79EFBC}") = "FileSystemOrganizer.UnitTests", "FileSystemOrganizerUnitTests\FileSystemOrganizer.UnitTests.csproj", "{BB5B1DF5-9715-4D07-B275-60F286FADCFD}"
EndProject
Global
	GlobalSection(SolutionConfigurationPlatforms) = preSolution
		Debug|Any CPU = Debug|Any CPU
		Release|Any CPU = Release|Any CPU
	EndGlobalSection
	GlobalSection(ProjectConfigurationPlatforms) = postSolution
		{2D1E597C-E1F5-4B4D-8B73-B64ACB099365}.Debug|Any CPU.ActiveCfg = Debug|Any CPU
		{2D1E597C-E1F5-4B4D-8B73-B64ACB099365}.Debug|Any CPU.Build.0 = Debug|Any CPU
		{2D1E597C-E1F5-4B4D-8B73-B64ACB099365}.Release|Any CPU.ActiveCfg = Release|Any CPU
		{2D1E597C-E1F5-4B4D-8B73-B64ACB099365}.Release|Any CPU.Build.0 = Release|Any CPU
		{B84A88BE-C2ED-4C7E-B4CB-E1B525204830}.Debug|Any CPU.ActiveCfg = Debug|Any CPU
		{B84A88BE-C2ED-4C7E-B4CB-E1B525204830}.Debug|Any CPU.Build.0 = Debug|Any CPU
		{B84A88BE-C2ED-4C7E-B4CB-E1B525204830}.Release|Any CPU.ActiveCfg = Release|Any CPU
		{B84A88BE-C2ED-4C7E-B4CB-E1B525204830}.Release|Any CPU.Build.0 = Release|Any CPU
		{5F17120F-32EF-4CBA-97A7-53F9972A2FC4}.Debug|Any CPU.ActiveCfg = Debug|Any CPU
		{5F17120F-32EF-4CBA-97A7-53F9972A2FC4}.Debug|Any CPU.Build.0 = Debug|Any CPU
		{5F17120F-32EF-4CBA-97A7-53F9972A2FC4}.Release|Any CPU.ActiveCfg = Release|Any CPU
		{5F17120F-32EF-4CBA-97A7-53F9972A2FC4}.Release|Any CPU.Build.0 = Release|Any CPU
		{D9D36729-6F50-45F2-A702-E1F75D2C459D}.Debug|Any CPU.ActiveCfg = Debug|Any CPU
		{D9D36729-6F50-45F2-A702-E1F75D2C459D}.Debug|Any CPU.Build.0 = Debug|Any CPU
		{D9D36729-6F50-45F2-A702-E1F75D2C459D}.Release|Any CPU.ActiveCfg = Release|Any CPU
		{D9D36729-6F50-45F2-A702-E1F75D2C459D}.Release|Any CPU.Build.0 = Release|Any CPU
		{F8B14E49-B233-4973-986E-DB740EBEE7BC}.Debug|Any CPU.ActiveCfg = Debug|Any CPU
		{F8B14E49-B233-4973-986E-DB740EBEE7BC}.Debug|Any CPU.Build.0 = Debug|Any CPU
		{F8B14E49-B233-4973-986E-DB740EBEE7BC}.Release|Any CPU.ActiveCfg = Release|Any CPU
		{F8B14E49-B233-4973-986E-DB740EBEE7BC}.Release|Any CPU.Build.0 = Release|Any CPU
		{BB5B1DF5-9715-4D07-B275-60F286FADCFD}.Debug|Any CPU.ActiveCfg = Debug|Any CPU
		{BB5B1DF5-9715-4D07-B275-60F286FADCFD}.Debug|Any CPU.Build.0 = Debug|Any CPU
		{BB5B1DF5-9715-4D07-B275-60F286FADCFD}.Release|Any CPU.ActiveCfg = Release|Any CPU
		{BB5B1DF5-9715-4D07-B275-60F286FADCFD}.Release|Any CPU.Build.0 = Release|Any CPU
	EndGlobalSection
	GlobalSection(SolutionProperties) = preSolution
		HideSolutionNode = FALSE
	EndGlobalSection
	GlobalSection(NestedProjects) = preSolution
		{4471DEAD-CC42-4353-8AA2-ACC9C498EF2C} = {3F12DC92-EE2D-481C-96F0-72F0CD9349C6}
		{B8CE605B-F545-4AE5-9D28-C872E452FFF0} = {3F12DC92-EE2D-481C-96F0-72F0CD9349C6}
		{D9D36729-6F50-45F2-A702-E1F75D2C459D} = {B8CE605B-F545-4AE5-9D28-C872E452FFF0}
		{F8B14E49-B233-4973-986E-DB740EBEE7BC} = {4471DEAD-CC42-4353-8AA2-ACC9C498EF2C}
	EndGlobalSection
	GlobalSection(ExtensibilityGlobals) = postSolution
		SolutionGuid = {90E8051F-8ACC-445C-9F67-3BB2C07AACDF}
	EndGlobalSection
EndGlobal
