
Microsoft Visual Studio Solution File, Format Version 12.00
# Visual Studio 15
VisualStudioVersion = 15.0.27428.2043
MinimumVisualStudioVersion = 10.0.40219.1
Project("{FAE04EC0-301F-11D3-BF4B-00C04F79EFBC}") = "TelerikWevsite", "TelerikWevsite\TelerikWevsite.csproj", "{63267CCA-7CC9-462B-B545-59511DB6897D}"
EndProject
Global
	GlobalSection(SolutionConfigurationPlatforms) = preSolution
		Debug|Any CPU = Debug|Any CPU
		Release|Any CPU = Release|Any CPU
	EndGlobalSection
	GlobalSection(ProjectConfigurationPlatforms) = postSolution
		{63267CCA-7CC9-462B-B545-59511DB6897D}.Debug|Any CPU.ActiveCfg = Debug|Any CPU
		{63267CCA-7CC9-462B-B545-59511DB6897D}.Debug|Any CPU.Build.0 = Debug|Any CPU
		{63267CCA-7CC9-462B-B545-59511DB6897D}.Release|Any CPU.ActiveCfg = Release|Any CPU
		{63267CCA-7CC9-462B-B545-59511DB6897D}.Release|Any CPU.Build.0 = Release|Any CPU
	EndGlobalSection
	GlobalSection(SolutionProperties) = preSolution
		HideSolutionNode = FALSE
	EndGlobalSection
	GlobalSection(ExtensibilityGlobals) = postSolution
		SolutionGuid = {94497127-798E-4854-9ADC-43103CBE330C}
	EndGlobalSection
EndGlobal
