
Microsoft Visual Studio Solution File, Format Version 12.00
# Visual Studio 15
VisualStudioVersion = 15.0.27130.2027
MinimumVisualStudioVersion = 10.0.40219.1
Project("{FAE04EC0-301F-11D3-BF4B-00C04F79EFBC}") = "SecureMemo", "SecureMemo\SecureMemo.csproj", "{C4F02E9B-15E2-4EA3-A1B8-5B02D0ED5931}"
EndProject
Project("{FAE04EC0-301F-11D3-BF4B-00C04F79EFBC}") = "GeneralToolkitLib", "..\GeneralToolkitLib\GeneralToolkitLib\GeneralToolkitLib.csproj", "{18B7C1DC-CB9B-4B4F-B3BB-40E79B277DD9}"
EndProject
Project("{FAE04EC0-301F-11D3-BF4B-00C04F79EFBC}") = "UnitTests", "UnitTests\UnitTests.csproj", "{50AA8BF5-4C33-418C-ADE8-BD79B4953A37}"
EndProject
Global
	GlobalSection(SolutionConfigurationPlatforms) = preSolution
		Debug|Any CPU = Debug|Any CPU
		Debug|x64 = Debug|x64
		Debug|x86 = Debug|x86
		Release|Any CPU = Release|Any CPU
		Release|x64 = Release|x64
		Release|x86 = Release|x86
	EndGlobalSection
	GlobalSection(ProjectConfigurationPlatforms) = postSolution
		{C4F02E9B-15E2-4EA3-A1B8-5B02D0ED5931}.Debug|Any CPU.ActiveCfg = Debug|Any CPU
		{C4F02E9B-15E2-4EA3-A1B8-5B02D0ED5931}.Debug|Any CPU.Build.0 = Debug|Any CPU
		{C4F02E9B-15E2-4EA3-A1B8-5B02D0ED5931}.Debug|x64.ActiveCfg = Debug|Any CPU
		{C4F02E9B-15E2-4EA3-A1B8-5B02D0ED5931}.Debug|x64.Build.0 = Debug|Any CPU
		{C4F02E9B-15E2-4EA3-A1B8-5B02D0ED5931}.Debug|x86.ActiveCfg = Debug|Any CPU
		{C4F02E9B-15E2-4EA3-A1B8-5B02D0ED5931}.Debug|x86.Build.0 = Debug|Any CPU
		{C4F02E9B-15E2-4EA3-A1B8-5B02D0ED5931}.Release|Any CPU.ActiveCfg = Release|Any CPU
		{C4F02E9B-15E2-4EA3-A1B8-5B02D0ED5931}.Release|Any CPU.Build.0 = Release|Any CPU
		{C4F02E9B-15E2-4EA3-A1B8-5B02D0ED5931}.Release|x64.ActiveCfg = Release|x64
		{C4F02E9B-15E2-4EA3-A1B8-5B02D0ED5931}.Release|x64.Build.0 = Release|x64
		{C4F02E9B-15E2-4EA3-A1B8-5B02D0ED5931}.Release|x86.ActiveCfg = Release|Any CPU
		{18B7C1DC-CB9B-4B4F-B3BB-40E79B277DD9}.Debug|Any CPU.ActiveCfg = Debug|Any CPU
		{18B7C1DC-CB9B-4B4F-B3BB-40E79B277DD9}.Debug|Any CPU.Build.0 = Debug|Any CPU
		{18B7C1DC-CB9B-4B4F-B3BB-40E79B277DD9}.Debug|x64.ActiveCfg = Debug|x64
		{18B7C1DC-CB9B-4B4F-B3BB-40E79B277DD9}.Debug|x64.Build.0 = Debug|x64
		{18B7C1DC-CB9B-4B4F-B3BB-40E79B277DD9}.Debug|x86.ActiveCfg = Debug|Any CPU
		{18B7C1DC-CB9B-4B4F-B3BB-40E79B277DD9}.Debug|x86.Build.0 = Debug|Any CPU
		{18B7C1DC-CB9B-4B4F-B3BB-40E79B277DD9}.Release|Any CPU.ActiveCfg = Release|Any CPU
		{18B7C1DC-CB9B-4B4F-B3BB-40E79B277DD9}.Release|Any CPU.Build.0 = Release|Any CPU
		{18B7C1DC-CB9B-4B4F-B3BB-40E79B277DD9}.Release|x64.ActiveCfg = Release|x64
		{18B7C1DC-CB9B-4B4F-B3BB-40E79B277DD9}.Release|x64.Build.0 = Release|x64
		{18B7C1DC-CB9B-4B4F-B3BB-40E79B277DD9}.Release|x86.ActiveCfg = Release|Any CPU
		{50AA8BF5-4C33-418C-ADE8-BD79B4953A37}.Debug|Any CPU.ActiveCfg = Debug|Any CPU
		{50AA8BF5-4C33-418C-ADE8-BD79B4953A37}.Debug|x64.ActiveCfg = Debug|Any CPU
		{50AA8BF5-4C33-418C-ADE8-BD79B4953A37}.Debug|x64.Build.0 = Debug|Any CPU
		{50AA8BF5-4C33-418C-ADE8-BD79B4953A37}.Debug|x86.ActiveCfg = Debug|Any CPU
		{50AA8BF5-4C33-418C-ADE8-BD79B4953A37}.Debug|x86.Build.0 = Debug|Any CPU
		{50AA8BF5-4C33-418C-ADE8-BD79B4953A37}.Release|Any CPU.ActiveCfg = Release|Any CPU
		{50AA8BF5-4C33-418C-ADE8-BD79B4953A37}.Release|x64.ActiveCfg = Release|Any CPU
		{50AA8BF5-4C33-418C-ADE8-BD79B4953A37}.Release|x64.Build.0 = Release|Any CPU
		{50AA8BF5-4C33-418C-ADE8-BD79B4953A37}.Release|x86.ActiveCfg = Release|Any CPU
		{50AA8BF5-4C33-418C-ADE8-BD79B4953A37}.Release|x86.Build.0 = Release|Any CPU
	EndGlobalSection
	GlobalSection(SolutionProperties) = preSolution
		HideSolutionNode = FALSE
	EndGlobalSection
	GlobalSection(ExtensibilityGlobals) = postSolution
		SolutionGuid = {754B5D99-2ECD-4A77-B9C5-05FD495EF960}
	EndGlobalSection
EndGlobal
