
Microsoft Visual Studio Solution File, Format Version 12.00
# Visual Studio 2012
Project("{FAE04EC0-301F-11D3-BF4B-00C04F79EFBC}") = "CloseAllDemoApps", "CloseAllDemoApps\CloseAllDemoApps.csproj", "{E847B151-BFA3-44C0-80ED-BA5FA17368A7}"
EndProject
Global
	GlobalSection(SolutionConfigurationPlatforms) = preSolution
		Debug|Any CPU = Debug|Any CPU
		Deploy|Any CPU = Deploy|Any CPU
		Release|Any CPU = Release|Any CPU
	EndGlobalSection
	GlobalSection(ProjectConfigurationPlatforms) = postSolution
		{E847B151-BFA3-44C0-80ED-BA5FA17368A7}.Debug|Any CPU.ActiveCfg = Debug|Any CPU
		{E847B151-BFA3-44C0-80ED-BA5FA17368A7}.Debug|Any CPU.Build.0 = Debug|Any CPU
		{E847B151-BFA3-44C0-80ED-BA5FA17368A7}.Deploy|Any CPU.ActiveCfg = Deploy|Any CPU
		{E847B151-BFA3-44C0-80ED-BA5FA17368A7}.Deploy|Any CPU.Build.0 = Deploy|Any CPU
		{E847B151-BFA3-44C0-80ED-BA5FA17368A7}.Release|Any CPU.ActiveCfg = Release|Any CPU
		{E847B151-BFA3-44C0-80ED-BA5FA17368A7}.Release|Any CPU.Build.0 = Release|Any CPU
		{E847B151-BFA3-44C0-80ED-BA5FA17368A7}.Release|Any CPU.Deploy.0 = Release|Any CPU
	EndGlobalSection
	GlobalSection(SolutionProperties) = preSolution
		HideSolutionNode = FALSE
	EndGlobalSection
EndGlobal
