
Microsoft Visual Studio Solution File, Format Version 12.00
# Visual Studio 2013
VisualStudioVersion = 12.0.30501.0
MinimumVisualStudioVersion = 10.0.40219.1
Project("{FAE04EC0-301F-11D3-BF4B-00C04F79EFBC}") = "DatabaseImport", "DatabaseImport\DatabaseImport.csproj", "{993721DE-ECBA-4208-B90F-C939CF7E93CC}"
EndProject
Global
	GlobalSection(SolutionConfigurationPlatforms) = preSolution
		Debug|Any CPU = Debug|Any CPU
		Release|Any CPU = Release|Any CPU
	EndGlobalSection
	GlobalSection(ProjectConfigurationPlatforms) = postSolution
		{993721DE-ECBA-4208-B90F-C939CF7E93CC}.Debug|Any CPU.ActiveCfg = Debug|Any CPU
		{993721DE-ECBA-4208-B90F-C939CF7E93CC}.Debug|Any CPU.Build.0 = Debug|Any CPU
		{993721DE-ECBA-4208-B90F-C939CF7E93CC}.Release|Any CPU.ActiveCfg = Release|Any CPU
		{993721DE-ECBA-4208-B90F-C939CF7E93CC}.Release|Any CPU.Build.0 = Release|Any CPU
	EndGlobalSection
	GlobalSection(SolutionProperties) = preSolution
		HideSolutionNode = FALSE
	EndGlobalSection
EndGlobal
